// !$*UTF8*$!
{
	archiveVersion = 1;
	classes = {
	};
	objectVersion = 46;
	objects = {

/* Begin PBXBuildFile section */
		FCAB97D01AE78FA50034AEAB /* main.m in Sources */ = {isa = PBXBuildFile; fileRef = FCAB97CF1AE78FA50034AEAB /* main.m */; };
		FCAB97D31AE78FA50034AEAB /* AppDelegate.m in Sources */ = {isa = PBXBuildFile; fileRef = FCAB97D21AE78FA50034AEAB /* AppDelegate.m */; };
		FCAB97D61AE78FA50034AEAB /* ViewController.m in Sources */ = {isa = PBXBuildFile; fileRef = FCAB97D51AE78FA50034AEAB /* ViewController.m */; };
		FCAB97D91AE78FA50034AEAB /* Main.storyboard in Resources */ = {isa = PBXBuildFile; fileRef = FCAB97D71AE78FA50034AEAB /* Main.storyboard */; };
		FCAB97DB1AE78FA50034AEAB /* Images.xcassets in Resources */ = {isa = PBXBuildFile; fileRef = FCAB97DA1AE78FA50034AEAB /* Images.xcassets */; };
		FCAB97DE1AE78FA50034AEAB /* LaunchScreen.xib in Resources */ = {isa = PBXBuildFile; fileRef = FCAB97DC1AE78FA50034AEAB /* LaunchScreen.xib */; };
		FCAB97EA1AE78FA50034AEAB /* HKBGSampleAppTests.m in Sources */ = {isa = PBXBuildFile; fileRef = FCAB97E91AE78FA50034AEAB /* HKBGSampleAppTests.m */; };
		FCAB97F41AE791170034AEAB /* HealthKit.framework in Frameworks */ = {isa = PBXBuildFile; fileRef = FCAB97F31AE791170034AEAB /* HealthKit.framework */; };
/* End PBXBuildFile section */

/* Begin PBXContainerItemProxy section */
		FCAB97E41AE78FA50034AEAB /* PBXContainerItemProxy */ = {
			isa = PBXContainerItemProxy;
			containerPortal = FCAB97C21AE78FA50034AEAB /* Project object */;
			proxyType = 1;
			remoteGlobalIDString = FCAB97C91AE78FA50034AEAB;
			remoteInfo = HKBGSampleApp;
		};
/* End PBXContainerItemProxy section */

/* Begin PBXFileReference section */
		FCAB97CA1AE78FA50034AEAB /* HKBGSampleApp.app */ = {isa = PBXFileReference; explicitFileType = wrapper.application; includeInIndex = 0; path = HKBGSampleApp.app; sourceTree = BUILT_PRODUCTS_DIR; };
		FCAB97CE1AE78FA50034AEAB /* Info.plist */ = {isa = PBXFileReference; lastKnownFileType = text.plist.xml; path = Info.plist; sourceTree = "<group>"; };
		FCAB97CF1AE78FA50034AEAB /* main.m */ = {isa = PBXFileReference; lastKnownFileType = sourcecode.c.objc; path = main.m; sourceTree = "<group>"; };
		FCAB97D11AE78FA50034AEAB /* AppDelegate.h */ = {isa = PBXFileReference; lastKnownFileType = sourcecode.c.h; path = AppDelegate.h; sourceTree = "<group>"; };
		FCAB97D21AE78FA50034AEAB /* AppDelegate.m */ = {isa = PBXFileReference; lastKnownFileType = sourcecode.c.objc; path = AppDelegate.m; sourceTree = "<group>"; };
		FCAB97D41AE78FA50034AEAB /* ViewController.h */ = {isa = PBXFileReference; lastKnownFileType = sourcecode.c.h; path = ViewController.h; sourceTree = "<group>"; };
		FCAB97D51AE78FA50034AEAB /* ViewController.m */ = {isa = PBXFileReference; lastKnownFileType = sourcecode.c.objc; path = ViewController.m; sourceTree = "<group>"; };
		FCAB97D81AE78FA50034AEAB /* Base */ = {isa = PBXFileReference; lastKnownFileType = file.storyboard; name = Base; path = Base.lproj/Main.storyboard; sourceTree = "<group>"; };
		FCAB97DA1AE78FA50034AEAB /* Images.xcassets */ = {isa = PBXFileReference; lastKnownFileType = folder.assetcatalog; path = Images.xcassets; sourceTree = "<group>"; };
		FCAB97DD1AE78FA50034AEAB /* Base */ = {isa = PBXFileReference; lastKnownFileType = file.xib; name = Base; path = Base.lproj/LaunchScreen.xib; sourceTree = "<group>"; };
		FCAB97E31AE78FA50034AEAB /* HKBGSampleAppTests.xctest */ = {isa = PBXFileReference; explicitFileType = wrapper.cfbundle; includeInIndex = 0; path = HKBGSampleAppTests.xctest; sourceTree = BUILT_PRODUCTS_DIR; };
		FCAB97E81AE78FA50034AEAB /* Info.plist */ = {isa = PBXFileReference; lastKnownFileType = text.plist.xml; path = Info.plist; sourceTree = "<group>"; };
		FCAB97E91AE78FA50034AEAB /* HKBGSampleAppTests.m */ = {isa = PBXFileReference; lastKnownFileType = sourcecode.c.objc; path = HKBGSampleAppTests.m; sourceTree = "<group>"; };
		FCAB97F31AE791170034AEAB /* HealthKit.framework */ = {isa = PBXFileReference; lastKnownFileType = wrapper.framework; name = HealthKit.framework; path = System/Library/Frameworks/HealthKit.framework; sourceTree = SDKROOT; };
		FCAB97F51AE791170034AEAB /* HKBGSampleApp.entitlements */ = {isa = PBXFileReference; lastKnownFileType = text.xml; path = HKBGSampleApp.entitlements; sourceTree = "<group>"; };
/* End PBXFileReference section */

/* Begin PBXFrameworksBuildPhase section */
		FCAB97C71AE78FA50034AEAB /* Frameworks */ = {
			isa = PBXFrameworksBuildPhase;
			buildActionMask = 2147483647;
			files = (
				FCAB97F41AE791170034AEAB /* HealthKit.framework in Frameworks */,
			);
			runOnlyForDeploymentPostprocessing = 0;
		};
		FCAB97E01AE78FA50034AEAB /* Frameworks */ = {
			isa = PBXFrameworksBuildPhase;
			buildActionMask = 2147483647;
			files = (
			);
			runOnlyForDeploymentPostprocessing = 0;
		};
/* End PBXFrameworksBuildPhase section */

/* Begin PBXGroup section */
		FCAB97C11AE78FA50034AEAB = {
			isa = PBXGroup;
			children = (
				FCAB97F31AE791170034AEAB /* HealthKit.framework */,
				FCAB97CC1AE78FA50034AEAB /* HKBGSampleApp */,
				FCAB97E61AE78FA50034AEAB /* HKBGSampleAppTests */,
				FCAB97CB1AE78FA50034AEAB /* Products */,
			);
			sourceTree = "<group>";
		};
		FCAB97CB1AE78FA50034AEAB /* Products */ = {
			isa = PBXGroup;
			children = (
				FCAB97CA1AE78FA50034AEAB /* HKBGSampleApp.app */,
				FCAB97E31AE78FA50034AEAB /* HKBGSampleAppTests.xctest */,
			);
			name = Products;
			sourceTree = "<group>";
		};
		FCAB97CC1AE78FA50034AEAB /* HKBGSampleApp */ = {
			isa = PBXGroup;
			children = (
				FCAB97F51AE791170034AEAB /* HKBGSampleApp.entitlements */,
				FCAB97D11AE78FA50034AEAB /* AppDelegate.h */,
				FCAB97D21AE78FA50034AEAB /* AppDelegate.m */,
				FCAB97D41AE78FA50034AEAB /* ViewController.h */,
				FCAB97D51AE78FA50034AEAB /* ViewController.m */,
				FCAB97D71AE78FA50034AEAB /* Main.storyboard */,
				FCAB97DA1AE78FA50034AEAB /* Images.xcassets */,
				FCAB97DC1AE78FA50034AEAB /* LaunchScreen.xib */,
				FCAB97CD1AE78FA50034AEAB /* Supporting Files */,
			);
			path = HKBGSampleApp;
			sourceTree = "<group>";
		};
		FCAB97CD1AE78FA50034AEAB /* Supporting Files */ = {
			isa = PBXGroup;
			children = (
				FCAB97CE1AE78FA50034AEAB /* Info.plist */,
				FCAB97CF1AE78FA50034AEAB /* main.m */,
			);
			name = "Supporting Files";
			sourceTree = "<group>";
		};
		FCAB97E61AE78FA50034AEAB /* HKBGSampleAppTests */ = {
			isa = PBXGroup;
			children = (
				FCAB97E91AE78FA50034AEAB /* HKBGSampleAppTests.m */,
				FCAB97E71AE78FA50034AEAB /* Supporting Files */,
			);
			path = HKBGSampleAppTests;
			sourceTree = "<group>";
		};
		FCAB97E71AE78FA50034AEAB /* Supporting Files */ = {
			isa = PBXGroup;
			children = (
				FCAB97E81AE78FA50034AEAB /* Info.plist */,
			);
			name = "Supporting Files";
			sourceTree = "<group>";
		};
/* End PBXGroup section */

/* Begin PBXNativeTarget section */
		FCAB97C91AE78FA50034AEAB /* HKBGSampleApp */ = {
			isa = PBXNativeTarget;
			buildConfigurationList = FCAB97ED1AE78FA50034AEAB /* Build configuration list for PBXNativeTarget "HKBGSampleApp" */;
			buildPhases = (
				FCAB97C61AE78FA50034AEAB /* Sources */,
				FCAB97C71AE78FA50034AEAB /* Frameworks */,
				FCAB97C81AE78FA50034AEAB /* Resources */,
			);
			buildRules = (
			);
			dependencies = (
			);
			name = HKBGSampleApp;
			productName = HKBGSampleApp;
			productReference = FCAB97CA1AE78FA50034AEAB /* HKBGSampleApp.app */;
			productType = "com.apple.product-type.application";
		};
		FCAB97E21AE78FA50034AEAB /* HKBGSampleAppTests */ = {
			isa = PBXNativeTarget;
			buildConfigurationList = FCAB97F01AE78FA50034AEAB /* Build configuration list for PBXNativeTarget "HKBGSampleAppTests" */;
			buildPhases = (
				FCAB97DF1AE78FA50034AEAB /* Sources */,
				FCAB97E01AE78FA50034AEAB /* Frameworks */,
				FCAB97E11AE78FA50034AEAB /* Resources */,
			);
			buildRules = (
			);
			dependencies = (
				FCAB97E51AE78FA50034AEAB /* PBXTargetDependency */,
			);
			name = HKBGSampleAppTests;
			productName = HKBGSampleAppTests;
			productReference = FCAB97E31AE78FA50034AEAB /* HKBGSampleAppTests.xctest */;
			productType = "com.apple.product-type.bundle.unit-test";
		};
/* End PBXNativeTarget section */

/* Begin PBXProject section */
		FCAB97C21AE78FA50034AEAB /* Project object */ = {
			isa = PBXProject;
			attributes = {
				LastUpgradeCheck = 0620;
				ORGANIZATIONNAME = "Jordan Clifton";
				TargetAttributes = {
					FCAB97C91AE78FA50034AEAB = {
						CreatedOnToolsVersion = 6.2;
						DevelopmentTeam = 95F68S38KZ;
						SystemCapabilities = {
							com.apple.HealthKit = {
								enabled = 1;
							};
						};
					};
					FCAB97E21AE78FA50034AEAB = {
						CreatedOnToolsVersion = 6.2;
						TestTargetID = FCAB97C91AE78FA50034AEAB;
					};
				};
			};
			buildConfigurationList = FCAB97C51AE78FA50034AEAB /* Build configuration list for PBXProject "HKBGSampleApp" */;
			compatibilityVersion = "Xcode 3.2";
			developmentRegion = English;
			hasScannedForEncodings = 0;
			knownRegions = (
				en,
				Base,
			);
			mainGroup = FCAB97C11AE78FA50034AEAB;
			productRefGroup = FCAB97CB1AE78FA50034AEAB /* Products */;
			projectDirPath = "";
			projectRoot = "";
			targets = (
				FCAB97C91AE78FA50034AEAB /* HKBGSampleApp */,
				FCAB97E21AE78FA50034AEAB /* HKBGSampleAppTests */,
			);
		};
/* End PBXProject section */

/* Begin PBXResourcesBuildPhase section */
		FCAB97C81AE78FA50034AEAB /* Resources */ = {
			isa = PBXResourcesBuildPhase;
			buildActionMask = 2147483647;
			files = (
				FCAB97D91AE78FA50034AEAB /* Main.storyboard in Resources */,
				FCAB97DE1AE78FA50034AEAB /* LaunchScreen.xib in Resources */,
				FCAB97DB1AE78FA50034AEAB /* Images.xcassets in Resources */,
			);
			runOnlyForDeploymentPostprocessing = 0;
		};
		FCAB97E11AE78FA50034AEAB /* Resources */ = {
			isa = PBXResourcesBuildPhase;
			buildActionMask = 2147483647;
			files = (
			);
			runOnlyForDeploymentPostprocessing = 0;
		};
/* End PBXResourcesBuildPhase section */

/* Begin PBXSourcesBuildPhase section */
		FCAB97C61AE78FA50034AEAB /* Sources */ = {
			isa = PBXSourcesBuildPhase;
			buildActionMask = 2147483647;
			files = (
				FCAB97D61AE78FA50034AEAB /* ViewController.m in Sources */,
				FCAB97D31AE78FA50034AEAB /* AppDelegate.m in Sources */,
				FCAB97D01AE78FA50034AEAB /* main.m in Sources */,
			);
			runOnlyForDeploymentPostprocessing = 0;
		};
		FCAB97DF1AE78FA50034AEAB /* Sources */ = {
			isa = PBXSourcesBuildPhase;
			buildActionMask = 2147483647;
			files = (
				FCAB97EA1AE78FA50034AEAB /* HKBGSampleAppTests.m in Sources */,
			);
			runOnlyForDeploymentPostprocessing = 0;
		};
/* End PBXSourcesBuildPhase section */

/* Begin PBXTargetDependency section */
		FCAB97E51AE78FA50034AEAB /* PBXTargetDependency */ = {
			isa = PBXTargetDependency;
			target = FCAB97C91AE78FA50034AEAB /* HKBGSampleApp */;
			targetProxy = FCAB97E41AE78FA50034AEAB /* PBXContainerItemProxy */;
		};
/* End PBXTargetDependency section */

/* Begin PBXVariantGroup section */
		FCAB97D71AE78FA50034AEAB /* Main.storyboard */ = {
			isa = PBXVariantGroup;
			children = (
				FCAB97D81AE78FA50034AEAB /* Base */,
			);
			name = Main.storyboard;
			sourceTree = "<group>";
		};
		FCAB97DC1AE78FA50034AEAB /* LaunchScreen.xib */ = {
			isa = PBXVariantGroup;
			children = (
				FCAB97DD1AE78FA50034AEAB /* Base */,
			);
			name = LaunchScreen.xib;
			sourceTree = "<group>";
		};
/* End PBXVariantGroup section */

/* Begin XCBuildConfiguration section */
		FCAB97EB1AE78FA50034AEAB /* Debug */ = {
			isa = XCBuildConfiguration;
			buildSettings = {
				ALWAYS_SEARCH_USER_PATHS = NO;
				CLANG_CXX_LANGUAGE_STANDARD = "gnu++0x";
				CLANG_CXX_LIBRARY = "libc++";
				CLANG_ENABLE_MODULES = YES;
				CLANG_ENABLE_OBJC_ARC = YES;
				CLANG_WARN_BOOL_CONVERSION = YES;
				CLANG_WARN_CONSTANT_CONVERSION = YES;
				CLANG_WARN_DIRECT_OBJC_ISA_USAGE = YES_ERROR;
				CLANG_WARN_EMPTY_BODY = YES;
				CLANG_WARN_ENUM_CONVERSION = YES;
				CLANG_WARN_INT_CONVERSION = YES;
				CLANG_WARN_OBJC_ROOT_CLASS = YES_ERROR;
				CLANG_WARN_UNREACHABLE_CODE = YES;
				CLANG_WARN__DUPLICATE_METHOD_MATCH = YES;
				"CODE_SIGN_IDENTITY[sdk=iphoneos*]" = "iPhone Developer";
				COPY_PHASE_STRIP = NO;
				ENABLE_STRICT_OBJC_MSGSEND = YES;
				GCC_C_LANGUAGE_STANDARD = gnu99;
				GCC_DYNAMIC_NO_PIC = NO;
				GCC_OPTIMIZATION_LEVEL = 0;
				GCC_PREPROCESSOR_DEFINITIONS = (
					"DEBUG=1",
					"$(inherited)",
				);
				GCC_SYMBOLS_PRIVATE_EXTERN = NO;
				GCC_WARN_64_TO_32_BIT_CONVERSION = YES;
				GCC_WARN_ABOUT_RETURN_TYPE = YES_ERROR;
				GCC_WARN_UNDECLARED_SELECTOR = YES;
				GCC_WARN_UNINITIALIZED_AUTOS = YES_AGGRESSIVE;
				GCC_WARN_UNUSED_FUNCTION = YES;
				GCC_WARN_UNUSED_VARIABLE = YES;
				IPHONEOS_DEPLOYMENT_TARGET = 8.2;
				MTL_ENABLE_DEBUG_INFO = YES;
				ONLY_ACTIVE_ARCH = YES;
				SDKROOT = iphoneos;
			};
			name = Debug;
		};
		FCAB97EC1AE78FA50034AEAB /* Release */ = {
			isa = XCBuildConfiguration;
			buildSettings = {
				ALWAYS_SEARCH_USER_PATHS = NO;
				CLANG_CXX_LANGUAGE_STANDARD = "gnu++0x";
				CLANG_CXX_LIBRARY = "libc++";
				CLANG_ENABLE_MODULES = YES;
				CLANG_ENABLE_OBJC_ARC = YES;
				CLANG_WARN_BOOL_CONVERSION = YES;
				CLANG_WARN_CONSTANT_CONVERSION = YES;
				CLANG_WARN_DIRECT_OBJC_ISA_USAGE = YES_ERROR;
				CLANG_WARN_EMPTY_BODY = YES;
				CLANG_WARN_ENUM_CONVERSION = YES;
				CLANG_WARN_INT_CONVERSION = YES;
				CLANG_WARN_OBJC_ROOT_CLASS = YES_ERROR;
				CLANG_WARN_UNREACHABLE_CODE = YES;
				CLANG_WARN__DUPLICATE_METHOD_MATCH = YES;
				"CODE_SIGN_IDENTITY[sdk=iphoneos*]" = "iPhone Developer";
				COPY_PHASE_STRIP = NO;
				ENABLE_NS_ASSERTIONS = NO;
				ENABLE_STRICT_OBJC_MSGSEND = YES;
				GCC_C_LANGUAGE_STANDARD = gnu99;
				GCC_WARN_64_TO_32_BIT_CONVERSION = YES;
				GCC_WARN_ABOUT_RETURN_TYPE = YES_ERROR;
				GCC_WARN_UNDECLARED_SELECTOR = YES;
				GCC_WARN_UNINITIALIZED_AUTOS = YES_AGGRESSIVE;
				GCC_WARN_UNUSED_FUNCTION = YES;
				GCC_WARN_UNUSED_VARIABLE = YES;
				IPHONEOS_DEPLOYMENT_TARGET = 8.2;
				MTL_ENABLE_DEBUG_INFO = NO;
				SDKROOT = iphoneos;
				VALIDATE_PRODUCT = YES;
			};
			name = Release;
		};
		FCAB97EE1AE78FA50034AEAB /* Debug */ = {
			isa = XCBuildConfiguration;
			buildSettings = {
				ASSETCATALOG_COMPILER_APPICON_NAME = AppIcon;
				CODE_SIGN_ENTITLEMENTS = HKBGSampleApp/HKBGSampleApp.entitlements;
				CODE_SIGN_IDENTITY = "iPhone Developer";
				INFOPLIST_FILE = HKBGSampleApp/Info.plist;
				IPHONEOS_DEPLOYMENT_TARGET = 8.0;
				LD_RUNPATH_SEARCH_PATHS = "$(inherited) @executable_path/Frameworks";
				PRODUCT_NAME = "$(TARGET_NAME)";
				PROVISIONING_PROFILE = "4f633dee-b7a5-4232-be6a-a90a515abb9b";
			};
			name = Debug;
		};
		FCAB97EF1AE78FA50034AEAB /* Release */ = {
			isa = XCBuildConfiguration;
			buildSettings = {
				ASSETCATALOG_COMPILER_APPICON_NAME = AppIcon;
				CODE_SIGN_ENTITLEMENTS = HKBGSampleApp/HKBGSampleApp.entitlements;
				CODE_SIGN_IDENTITY = "iPhone Developer";
				INFOPLIST_FILE = HKBGSampleApp/Info.plist;
				IPHONEOS_DEPLOYMENT_TARGET = 8.0;
				LD_RUNPATH_SEARCH_PATHS = "$(inherited) @executable_path/Frameworks";
				PRODUCT_NAME = "$(TARGET_NAME)";
			};
			name = Release;
		};
		FCAB97F11AE78FA50034AEAB /* Debug */ = {
			isa = XCBuildConfiguration;
			buildSettings = {
				BUNDLE_LOADER = "$(TEST_HOST)";
				FRAMEWORK_SEARCH_PATHS = (
					"$(SDKROOT)/Developer/Library/Frameworks",
					"$(inherited)",
				);
				GCC_PREPROCESSOR_DEFINITIONS = (
					"DEBUG=1",
					"$(inherited)",
				);
				INFOPLIST_FILE = HKBGSampleAppTests/Info.plist;
				LD_RUNPATH_SEARCH_PATHS = "$(inherited) @executable_path/Frameworks @loader_path/Frameworks";
				PRODUCT_NAME = "$(TARGET_NAME)";
				TEST_HOST = "$(BUILT_PRODUCTS_DIR)/HKBGSampleApp.app/HKBGSampleApp";
			};
			name = Debug;
		};
		FCAB97F21AE78FA50034AEAB /* Release */ = {
			isa = XCBuildConfiguration;
			buildSettings = {
				BUNDLE_LOADER = "$(TEST_HOST)";
				FRAMEWORK_SEARCH_PATHS = (
					"$(SDKROOT)/Developer/Library/Frameworks",
					"$(inherited)",
				);
				INFOPLIST_FILE = HKBGSampleAppTests/Info.plist;
				LD_RUNPATH_SEARCH_PATHS = "$(inherited) @executable_path/Frameworks @loader_path/Frameworks";
				PRODUCT_NAME = "$(TARGET_NAME)";
				TEST_HOST = "$(BUILT_PRODUCTS_DIR)/HKBGSampleApp.app/HKBGSampleApp";
			};
			name = Release;
		};
/* End XCBuildConfiguration section */

/* Begin XCConfigurationList section */
		FCAB97C51AE78FA50034AEAB /* Build configuration list for PBXProject "HKBGSampleApp" */ = {
			isa = XCConfigurationList;
			buildConfigurations = (
				FCAB97EB1AE78FA50034AEAB /* Debug */,
				FCAB97EC1AE78FA50034AEAB /* Release */,
			);
			defaultConfigurationIsVisible = 0;
			defaultConfigurationName = Release;
		};
		FCAB97ED1AE78FA50034AEAB /* Build configuration list for PBXNativeTarget "HKBGSampleApp" */ = {
			isa = XCConfigurationList;
			buildConfigurations = (
				FCAB97EE1AE78FA50034AEAB /* Debug */,
				FCAB97EF1AE78FA50034AEAB /* Release */,
			);
			defaultConfigurationIsVisible = 0;
			defaultConfigurationName = Release;
		};
		FCAB97F01AE78FA50034AEAB /* Build configuration list for PBXNativeTarget "HKBGSampleAppTests" */ = {
			isa = XCConfigurationList;
			buildConfigurations = (
				FCAB97F11AE78FA50034AEAB /* Debug */,
				FCAB97F21AE78FA50034AEAB /* Release */,
			);
			defaultConfigurationIsVisible = 0;
			defaultConfigurationName = Release;
		};
/* End XCConfigurationList section */
	};
	rootObject = FCAB97C21AE78FA50034AEAB /* Project object */;
}
